
Microsoft Visual Studio Solution File, Format Version 12.00
# Visual Studio Version 17
VisualStudioVersion = 17.11.35431.28
MinimumVisualStudioVersion = 10.0.40219.1
Project("{FAE04EC0-301F-11D3-BF4B-00C04F79EFBC}") = "SchoolworkOrganizer", "SchoolworkOrganizer\SchoolworkOrganizer.csproj", "{10291DD0-C230-42FC-A74D-1EE46814AE86}"
EndProject
Project("{FAE04EC0-301F-11D3-BF4B-00C04F79EFBC}") = "SchoolworkOrganizerUtils", "SchoolworkOrganizerUtils\SchoolworkOrganizerUtils.csproj", "{EB6C9EA3-B278-470F-98F2-D5E70D34E797}"
EndProject
Project("{FAE04EC0-301F-11D3-BF4B-00C04F79EFBC}") = "Tester", "Tester\Tester.csproj", "{026940EB-3AD1-4729-B57D-37DB3A5784FA}"
EndProject
Project("{FAE04EC0-301F-11D3-BF4B-00C04F79EFBC}") = "SchoolWorkOrganizerServer", "SchoolWorkOrganizerServer\SchoolWorkOrganizerServer.csproj", "{3F77C0F0-D70C-4EE4-9785-CD492E700E7B}"
	ProjectSection(ProjectDependencies) = postProject
		{EB6C9EA3-B278-470F-98F2-D5E70D34E797} = {EB6C9EA3-B278-470F-98F2-D5E70D34E797}
	EndProjectSection
EndProject
Project("{FAE04EC0-301F-11D3-BF4B-00C04F79EFBC}") = "MaterialSkin", "MaterialSkin\MaterialSkin.csproj", "{8EB7611B-68CD-4B8B-987A-11717E2B250C}"
EndProject
Global
	GlobalSection(SolutionConfigurationPlatforms) = preSolution
		Debug|Any CPU = Debug|Any CPU
		Release|Any CPU = Release|Any CPU
	EndGlobalSection
	GlobalSection(ProjectConfigurationPlatforms) = postSolution
		{10291DD0-C230-42FC-A74D-1EE46814AE86}.Debug|Any CPU.ActiveCfg = Debug|Any CPU
		{10291DD0-C230-42FC-A74D-1EE46814AE86}.Debug|Any CPU.Build.0 = Debug|Any CPU
		{10291DD0-C230-42FC-A74D-1EE46814AE86}.Release|Any CPU.ActiveCfg = Release|Any CPU
		{10291DD0-C230-42FC-A74D-1EE46814AE86}.Release|Any CPU.Build.0 = Release|Any CPU
		{EB6C9EA3-B278-470F-98F2-D5E70D34E797}.Debug|Any CPU.ActiveCfg = Debug|Any CPU
		{EB6C9EA3-B278-470F-98F2-D5E70D34E797}.Debug|Any CPU.Build.0 = Debug|Any CPU
		{EB6C9EA3-B278-470F-98F2-D5E70D34E797}.Release|Any CPU.ActiveCfg = Release|Any CPU
		{EB6C9EA3-B278-470F-98F2-D5E70D34E797}.Release|Any CPU.Build.0 = Release|Any CPU
		{026940EB-3AD1-4729-B57D-37DB3A5784FA}.Debug|Any CPU.ActiveCfg = Debug|Any CPU
		{026940EB-3AD1-4729-B57D-37DB3A5784FA}.Debug|Any CPU.Build.0 = Debug|Any CPU
		{026940EB-3AD1-4729-B57D-37DB3A5784FA}.Release|Any CPU.ActiveCfg = Release|Any CPU
		{026940EB-3AD1-4729-B57D-37DB3A5784FA}.Release|Any CPU.Build.0 = Release|Any CPU
		{3F77C0F0-D70C-4EE4-9785-CD492E700E7B}.Debug|Any CPU.ActiveCfg = Debug|Any CPU
		{3F77C0F0-D70C-4EE4-9785-CD492E700E7B}.Debug|Any CPU.Build.0 = Debug|Any CPU
		{3F77C0F0-D70C-4EE4-9785-CD492E700E7B}.Release|Any CPU.ActiveCfg = Release|Any CPU
		{3F77C0F0-D70C-4EE4-9785-CD492E700E7B}.Release|Any CPU.Build.0 = Release|Any CPU
		{8EB7611B-68CD-4B8B-987A-11717E2B250C}.Debug|Any CPU.ActiveCfg = Debug|Any CPU
		{8EB7611B-68CD-4B8B-987A-11717E2B250C}.Debug|Any CPU.Build.0 = Debug|Any CPU
		{8EB7611B-68CD-4B8B-987A-11717E2B250C}.Release|Any CPU.ActiveCfg = Release|Any CPU
		{8EB7611B-68CD-4B8B-987A-11717E2B250C}.Release|Any CPU.Build.0 = Release|Any CPU
	EndGlobalSection
	GlobalSection(SolutionProperties) = preSolution
		HideSolutionNode = FALSE
	EndGlobalSection
	GlobalSection(ExtensibilityGlobals) = postSolution
		SolutionGuid = {95B370A0-4BFF-46BF-BF10-3259AC0587AE}
	EndGlobalSection
EndGlobal
